
Microsoft Visual Studio Solution File, Format Version 12.00
# Visual Studio Version 17
VisualStudioVersion = 17.9.34321.82
MinimumVisualStudioVersion = 10.0.40219.1
Project("{FAE04EC0-301F-11D3-BF4B-00C04F79EFBC}") = "AuctionTracker.Web", "AuctionTracker.Web\AuctionTracker.Web.csproj", "{4A7EC902-EE53-469B-BA01-306973C8457F}"
EndProject
Global
	GlobalSection(SolutionConfigurationPlatforms) = preSolution
		Debug|Any CPU = Debug|Any CPU
		Release|Any CPU = Release|Any CPU
	EndGlobalSection
	GlobalSection(ProjectConfigurationPlatforms) = postSolution
		{4A7EC902-EE53-469B-BA01-306973C8457F}.Debug|Any CPU.ActiveCfg = Debug|Any CPU
		{4A7EC902-EE53-469B-BA01-306973C8457F}.Debug|Any CPU.Build.0 = Debug|Any CPU
		{4A7EC902-EE53-469B-BA01-306973C8457F}.Release|Any CPU.ActiveCfg = Release|Any CPU
		{4A7EC902-EE53-469B-BA01-306973C8457F}.Release|Any CPU.Build.0 = Release|Any CPU
	EndGlobalSection
	GlobalSection(SolutionProperties) = preSolution
		HideSolutionNode = FALSE
	EndGlobalSection
	GlobalSection(ExtensibilityGlobals) = postSolution
		SolutionGuid = {21726B2D-AD63-433D-AF64-F12F9445970A}
	EndGlobalSection
EndGlobal
